{
  "name": "faultline",
  "version": "0.1.0",
  "lockfileVersion": 3,
  "requires": true,
  "packages": {
    "": {
      "name": "faultline",
      "version": "0.1.0",
      "license": "MIT",
      "bin": {
        "faultline": "bin/faultline.mjs"
      },
      "engines": {
        "node": ">=18"
      }
    }
  }
}
