{
  "name": "@thefgxdev/faultline",
  "version": "0.1.0",
  "lockfileVersion": 3,
  "requires": true,
  "packages": {
    "": {
      "name": "@thefgxdev/faultline",
      "version": "0.1.1",
      "license": "AGPL-3.0-or-later",
      "bin": {
        "faultline": "bin/faultline.mjs"
      },
      "engines": {
        "node": ">=18"
      }
    }
  }
}
